// !$*UTF8*$!
{
	archiveVersion = 1;
	classes = {
	};
	objectVersion = 56;
	objects = {

/* Begin PBXBuildFile section */
		302DE94249EB667A457DCC2E /* Pods_MapsApp.framework in Frameworks */ = {isa = PBXBuildFile; fileRef = 4025533A8D80EB6070B7E930 /* Pods_MapsApp.framework */; };
		EFDCB1A7292D4F5600563EF1 /* AppDelegate.swift in Sources */ = {isa = PBXBuildFile; fileRef = EFDCB1A6292D4F5600563EF1 /* AppDelegate.swift */; };
		EFDCB1A9292D4F5600563EF1 /* SceneDelegate.swift in Sources */ = {isa = PBXBuildFile; fileRef = EFDCB1A8292D4F5600563EF1 /* SceneDelegate.swift */; };
		EFDCB1AB292D4F5600563EF1 /* LoginViewController.swift in Sources */ = {isa = PBXBuildFile; fileRef = EFDCB1AA292D4F5600563EF1 /* LoginViewController.swift */; };
		EFDCB1B0292D4F5700563EF1 /* Assets.xcassets in Resources */ = {isa = PBXBuildFile; fileRef = EFDCB1AF292D4F5700563EF1 /* Assets.xcassets */; };
		EFDCB1B3292D4F5700563EF1 /* LaunchScreen.storyboard in Resources */ = {isa = PBXBuildFile; fileRef = EFDCB1B1292D4F5700563EF1 /* LaunchScreen.storyboard */; };
		EFDCB1BB292D548700563EF1 /* AppStartManager.swift in Sources */ = {isa = PBXBuildFile; fileRef = EFDCB1BA292D548700563EF1 /* AppStartManager.swift */; };
		EFDCB1C1292D598500563EF1 /* Realm in Frameworks */ = {isa = PBXBuildFile; productRef = EFDCB1C0292D598500563EF1 /* Realm */; };
		EFDCB1C3292D598500563EF1 /* RealmSwift in Frameworks */ = {isa = PBXBuildFile; productRef = EFDCB1C2292D598500563EF1 /* RealmSwift */; };
		EFDCB1C5292D59C200563EF1 /* UserRealm.swift in Sources */ = {isa = PBXBuildFile; fileRef = EFDCB1C4292D59C200563EF1 /* UserRealm.swift */; };
		EFDCB1C7292D6AB700563EF1 /* MapViewController.swift in Sources */ = {isa = PBXBuildFile; fileRef = EFDCB1C6292D6AB700563EF1 /* MapViewController.swift */; };
		EFDCB1C9292D6C5F00563EF1 /* RealmService.swift in Sources */ = {isa = PBXBuildFile; fileRef = EFDCB1C8292D6C5F00563EF1 /* RealmService.swift */; };
		EFDCB1CB292D757700563EF1 /* RealmAnnotation.swift in Sources */ = {isa = PBXBuildFile; fileRef = EFDCB1CA292D757700563EF1 /* RealmAnnotation.swift */; };
		EFE919C32941109900A53223 /* LocationManager.swift in Sources */ = {isa = PBXBuildFile; fileRef = EFE919C22941109900A53223 /* LocationManager.swift */; };
		EFF0680B295232DC00651376 /* SelfieViewController.swift in Sources */ = {isa = PBXBuildFile; fileRef = EFF0680A295232DC00651376 /* SelfieViewController.swift */; };
/* End PBXBuildFile section */

/* Begin PBXFileReference section */
		4025533A8D80EB6070B7E930 /* Pods_MapsApp.framework */ = {isa = PBXFileReference; explicitFileType = wrapper.framework; includeInIndex = 0; path = Pods_MapsApp.framework; sourceTree = BUILT_PRODUCTS_DIR; };
		94DF1BC63151BDB236DB88B8 /* Pods-MapsApp.debug.xcconfig */ = {isa = PBXFileReference; includeInIndex = 1; lastKnownFileType = text.xcconfig; name = "Pods-MapsApp.debug.xcconfig"; path = "Target Support Files/Pods-MapsApp/Pods-MapsApp.debug.xcconfig"; sourceTree = "<group>"; };
		DC6C491F4BCEF0FFB442FFE8 /* Pods-MapsApp.release.xcconfig */ = {isa = PBXFileReference; includeInIndex = 1; lastKnownFileType = text.xcconfig; name = "Pods-MapsApp.release.xcconfig"; path = "Target Support Files/Pods-MapsApp/Pods-MapsApp.release.xcconfig"; sourceTree = "<group>"; };
		EFDCB1A3292D4F5600563EF1 /* MapsApp.app */ = {isa = PBXFileReference; explicitFileType = wrapper.application; includeInIndex = 0; path = MapsApp.app; sourceTree = BUILT_PRODUCTS_DIR; };
		EFDCB1A6292D4F5600563EF1 /* AppDelegate.swift */ = {isa = PBXFileReference; lastKnownFileType = sourcecode.swift; path = AppDelegate.swift; sourceTree = "<group>"; };
		EFDCB1A8292D4F5600563EF1 /* SceneDelegate.swift */ = {isa = PBXFileReference; lastKnownFileType = sourcecode.swift; path = SceneDelegate.swift; sourceTree = "<group>"; };
		EFDCB1AA292D4F5600563EF1 /* LoginViewController.swift */ = {isa = PBXFileReference; lastKnownFileType = sourcecode.swift; path = LoginViewController.swift; sourceTree = "<group>"; };
		EFDCB1AF292D4F5700563EF1 /* Assets.xcassets */ = {isa = PBXFileReference; lastKnownFileType = folder.assetcatalog; path = Assets.xcassets; sourceTree = "<group>"; };
		EFDCB1B2292D4F5700563EF1 /* Base */ = {isa = PBXFileReference; lastKnownFileType = file.storyboard; name = Base; path = Base.lproj/LaunchScreen.storyboard; sourceTree = "<group>"; };
		EFDCB1B4292D4F5700563EF1 /* Info.plist */ = {isa = PBXFileReference; lastKnownFileType = text.plist.xml; path = Info.plist; sourceTree = "<group>"; };
		EFDCB1BA292D548700563EF1 /* AppStartManager.swift */ = {isa = PBXFileReference; lastKnownFileType = sourcecode.swift; path = AppStartManager.swift; sourceTree = "<group>"; };
		EFDCB1C4292D59C200563EF1 /* UserRealm.swift */ = {isa = PBXFileReference; lastKnownFileType = sourcecode.swift; path = UserRealm.swift; sourceTree = "<group>"; };
		EFDCB1C6292D6AB700563EF1 /* MapViewController.swift */ = {isa = PBXFileReference; lastKnownFileType = sourcecode.swift; path = MapViewController.swift; sourceTree = "<group>"; };
		EFDCB1C8292D6C5F00563EF1 /* RealmService.swift */ = {isa = PBXFileReference; lastKnownFileType = sourcecode.swift; path = RealmService.swift; sourceTree = "<group>"; };
		EFDCB1CA292D757700563EF1 /* RealmAnnotation.swift */ = {isa = PBXFileReference; lastKnownFileType = sourcecode.swift; path = RealmAnnotation.swift; sourceTree = "<group>"; };
		EFE919C22941109900A53223 /* LocationManager.swift */ = {isa = PBXFileReference; lastKnownFileType = sourcecode.swift; path = LocationManager.swift; sourceTree = "<group>"; };
		EFF0680A295232DC00651376 /* SelfieViewController.swift */ = {isa = PBXFileReference; lastKnownFileType = sourcecode.swift; path = SelfieViewController.swift; sourceTree = "<group>"; };
/* End PBXFileReference section */

/* Begin PBXFrameworksBuildPhase section */
		EFDCB1A0292D4F5600563EF1 /* Frameworks */ = {
			isa = PBXFrameworksBuildPhase;
			buildActionMask = 2147483647;
			files = (
				EFDCB1C3292D598500563EF1 /* RealmSwift in Frameworks */,
				EFDCB1C1292D598500563EF1 /* Realm in Frameworks */,
				302DE94249EB667A457DCC2E /* Pods_MapsApp.framework in Frameworks */,
			);
			runOnlyForDeploymentPostprocessing = 0;
		};
/* End PBXFrameworksBuildPhase section */

/* Begin PBXGroup section */
		3C5743CAD8C70A3C99237EBD /* Frameworks */ = {
			isa = PBXGroup;
			children = (
				4025533A8D80EB6070B7E930 /* Pods_MapsApp.framework */,
			);
			name = Frameworks;
			sourceTree = "<group>";
		};
		E1699C4C2FE7A3AA73CEE875 /* Pods */ = {
			isa = PBXGroup;
			children = (
				94DF1BC63151BDB236DB88B8 /* Pods-MapsApp.debug.xcconfig */,
				DC6C491F4BCEF0FFB442FFE8 /* Pods-MapsApp.release.xcconfig */,
			);
			path = Pods;
			sourceTree = "<group>";
		};
		EFDCB19A292D4F5600563EF1 = {
			isa = PBXGroup;
			children = (
				EFDCB1A5292D4F5600563EF1 /* MapsApp */,
				EFDCB1A4292D4F5600563EF1 /* Products */,
				E1699C4C2FE7A3AA73CEE875 /* Pods */,
				3C5743CAD8C70A3C99237EBD /* Frameworks */,
			);
			sourceTree = "<group>";
		};
		EFDCB1A4292D4F5600563EF1 /* Products */ = {
			isa = PBXGroup;
			children = (
				EFDCB1A3292D4F5600563EF1 /* MapsApp.app */,
			);
			name = Products;
			sourceTree = "<group>";
		};
		EFDCB1A5292D4F5600563EF1 /* MapsApp */ = {
			isa = PBXGroup;
			children = (
				EFDCB1CF292EA52E00563EF1 /* Source */,
				EFDCB1CE292EA50E00563EF1 /* View Controllers */,
				EFDCB1CC292EA4ED00563EF1 /* Realm */,
				EFDCB1CD292EA4FC00563EF1 /* Model */,
				EFDCB1AF292D4F5700563EF1 /* Assets.xcassets */,
				EFDCB1B1292D4F5700563EF1 /* LaunchScreen.storyboard */,
				EFDCB1B4292D4F5700563EF1 /* Info.plist */,
			);
			path = MapsApp;
			sourceTree = "<group>";
		};
		EFDCB1CC292EA4ED00563EF1 /* Realm */ = {
			isa = PBXGroup;
			children = (
				EFDCB1C8292D6C5F00563EF1 /* RealmService.swift */,
			);
			path = Realm;
			sourceTree = "<group>";
		};
		EFDCB1CD292EA4FC00563EF1 /* Model */ = {
			isa = PBXGroup;
			children = (
				EFDCB1CA292D757700563EF1 /* RealmAnnotation.swift */,
				EFDCB1C4292D59C200563EF1 /* UserRealm.swift */,
			);
			path = Model;
			sourceTree = "<group>";
		};
		EFDCB1CE292EA50E00563EF1 /* View Controllers */ = {
			isa = PBXGroup;
			children = (
				EFDCB1AA292D4F5600563EF1 /* LoginViewController.swift */,
				EFDCB1C6292D6AB700563EF1 /* MapViewController.swift */,
				EFF0680A295232DC00651376 /* SelfieViewController.swift */,
			);
			path = "View Controllers";
			sourceTree = "<group>";
		};
		EFDCB1CF292EA52E00563EF1 /* Source */ = {
			isa = PBXGroup;
			children = (
				EFDCB1A6292D4F5600563EF1 /* AppDelegate.swift */,
				EFDCB1A8292D4F5600563EF1 /* SceneDelegate.swift */,
				EFDCB1BA292D548700563EF1 /* AppStartManager.swift */,
				EFE919C22941109900A53223 /* LocationManager.swift */,
			);
			path = Source;
			sourceTree = "<group>";
		};
/* End PBXGroup section */

/* Begin PBXNativeTarget section */
		EFDCB1A2292D4F5600563EF1 /* MapsApp */ = {
			isa = PBXNativeTarget;
			buildConfigurationList = EFDCB1B7292D4F5700563EF1 /* Build configuration list for PBXNativeTarget "MapsApp" */;
			buildPhases = (
				80C2FCD2C0A4C0D9E8547C7B /* [CP] Check Pods Manifest.lock */,
				EFDCB19F292D4F5600563EF1 /* Sources */,
				EFDCB1A0292D4F5600563EF1 /* Frameworks */,
				EFDCB1A1292D4F5600563EF1 /* Resources */,
				40E5DECC63231D281F233955 /* [CP] Embed Pods Frameworks */,
			);
			buildRules = (
			);
			dependencies = (
			);
			name = MapsApp;
			packageProductDependencies = (
				EFDCB1C0292D598500563EF1 /* Realm */,
				EFDCB1C2292D598500563EF1 /* RealmSwift */,
			);
			productName = MapsApp;
			productReference = EFDCB1A3292D4F5600563EF1 /* MapsApp.app */;
			productType = "com.apple.product-type.application";
		};
/* End PBXNativeTarget section */

/* Begin PBXProject section */
		EFDCB19B292D4F5600563EF1 /* Project object */ = {
			isa = PBXProject;
			attributes = {
				BuildIndependentTargetsInParallel = 1;
				LastSwiftUpdateCheck = 1410;
				LastUpgradeCheck = 1410;
				TargetAttributes = {
					EFDCB1A2292D4F5600563EF1 = {
						CreatedOnToolsVersion = 14.1;
					};
				};
			};
			buildConfigurationList = EFDCB19E292D4F5600563EF1 /* Build configuration list for PBXProject "MapsApp" */;
			compatibilityVersion = "Xcode 14.0";
			developmentRegion = en;
			hasScannedForEncodings = 0;
			knownRegions = (
				en,
				Base,
			);
			mainGroup = EFDCB19A292D4F5600563EF1;
			packageReferences = (
				EFDCB1BF292D598500563EF1 /* XCRemoteSwiftPackageReference "realm-cocoa" */,
			);
			productRefGroup = EFDCB1A4292D4F5600563EF1 /* Products */;
			projectDirPath = "";
			projectRoot = "";
			targets = (
				EFDCB1A2292D4F5600563EF1 /* MapsApp */,
			);
		};
/* End PBXProject section */

/* Begin PBXResourcesBuildPhase section */
		EFDCB1A1292D4F5600563EF1 /* Resources */ = {
			isa = PBXResourcesBuildPhase;
			buildActionMask = 2147483647;
			files = (
				EFDCB1B3292D4F5700563EF1 /* LaunchScreen.storyboard in Resources */,
				EFDCB1B0292D4F5700563EF1 /* Assets.xcassets in Resources */,
			);
			runOnlyForDeploymentPostprocessing = 0;
		};
/* End PBXResourcesBuildPhase section */

/* Begin PBXShellScriptBuildPhase section */
		40E5DECC63231D281F233955 /* [CP] Embed Pods Frameworks */ = {
			isa = PBXShellScriptBuildPhase;
			buildActionMask = 2147483647;
			files = (
			);
			inputFileListPaths = (
				"${PODS_ROOT}/Target Support Files/Pods-MapsApp/Pods-MapsApp-frameworks-${CONFIGURATION}-input-files.xcfilelist",
			);
			name = "[CP] Embed Pods Frameworks";
			outputFileListPaths = (
				"${PODS_ROOT}/Target Support Files/Pods-MapsApp/Pods-MapsApp-frameworks-${CONFIGURATION}-output-files.xcfilelist",
			);
			runOnlyForDeploymentPostprocessing = 0;
			shellPath = /bin/sh;
			shellScript = "\"${PODS_ROOT}/Target Support Files/Pods-MapsApp/Pods-MapsApp-frameworks.sh\"\n";
			showEnvVarsInLog = 0;
		};
		80C2FCD2C0A4C0D9E8547C7B /* [CP] Check Pods Manifest.lock */ = {
			isa = PBXShellScriptBuildPhase;
			buildActionMask = 2147483647;
			files = (
			);
			inputFileListPaths = (
			);
			inputPaths = (
				"${PODS_PODFILE_DIR_PATH}/Podfile.lock",
				"${PODS_ROOT}/Manifest.lock",
			);
			name = "[CP] Check Pods Manifest.lock";
			outputFileListPaths = (
			);
			outputPaths = (
				"$(DERIVED_FILE_DIR)/Pods-MapsApp-checkManifestLockResult.txt",
			);
			runOnlyForDeploymentPostprocessing = 0;
			shellPath = /bin/sh;
			shellScript = "diff \"${PODS_PODFILE_DIR_PATH}/Podfile.lock\" \"${PODS_ROOT}/Manifest.lock\" > /dev/null\nif [ $? != 0 ] ; then\n    # print error to STDERR\n    echo \"error: The sandbox is not in sync with the Podfile.lock. Run 'pod install' or update your CocoaPods installation.\" >&2\n    exit 1\nfi\n# This output is used by Xcode 'outputs' to avoid re-running this script phase.\necho \"SUCCESS\" > \"${SCRIPT_OUTPUT_FILE_0}\"\n";
			showEnvVarsInLog = 0;
		};
/* End PBXShellScriptBuildPhase section */

/* Begin PBXSourcesBuildPhase section */
		EFDCB19F292D4F5600563EF1 /* Sources */ = {
			isa = PBXSourcesBuildPhase;
			buildActionMask = 2147483647;
			files = (
				EFDCB1C5292D59C200563EF1 /* UserRealm.swift in Sources */,
				EFDCB1C7292D6AB700563EF1 /* MapViewController.swift in Sources */,
				EFDCB1C9292D6C5F00563EF1 /* RealmService.swift in Sources */,
				EFDCB1AB292D4F5600563EF1 /* LoginViewController.swift in Sources */,
				EFDCB1CB292D757700563EF1 /* RealmAnnotation.swift in Sources */,
				EFDCB1A7292D4F5600563EF1 /* AppDelegate.swift in Sources */,
				EFDCB1BB292D548700563EF1 /* AppStartManager.swift in Sources */,
				EFDCB1A9292D4F5600563EF1 /* SceneDelegate.swift in Sources */,
				EFF0680B295232DC00651376 /* SelfieViewController.swift in Sources */,
				EFE919C32941109900A53223 /* LocationManager.swift in Sources */,
			);
			runOnlyForDeploymentPostprocessing = 0;
		};
/* End PBXSourcesBuildPhase section */

/* Begin PBXVariantGroup section */
		EFDCB1B1292D4F5700563EF1 /* LaunchScreen.storyboard */ = {
			isa = PBXVariantGroup;
			children = (
				EFDCB1B2292D4F5700563EF1 /* Base */,
			);
			name = LaunchScreen.storyboard;
			sourceTree = "<group>";
		};
/* End PBXVariantGroup section */

/* Begin XCBuildConfiguration section */
		EFDCB1B5292D4F5700563EF1 /* Debug */ = {
			isa = XCBuildConfiguration;
			buildSettings = {
				ALWAYS_SEARCH_USER_PATHS = NO;
				CLANG_ANALYZER_NONNULL = YES;
				CLANG_ANALYZER_NUMBER_OBJECT_CONVERSION = YES_AGGRESSIVE;
				CLANG_CXX_LANGUAGE_STANDARD = "gnu++20";
				CLANG_ENABLE_MODULES = YES;
				CLANG_ENABLE_OBJC_ARC = YES;
				CLANG_ENABLE_OBJC_WEAK = YES;
				CLANG_WARN_BLOCK_CAPTURE_AUTORELEASING = YES;
				CLANG_WARN_BOOL_CONVERSION = YES;
				CLANG_WARN_COMMA = YES;
				CLANG_WARN_CONSTANT_CONVERSION = YES;
				CLANG_WARN_DEPRECATED_OBJC_IMPLEMENTATIONS = YES;
				CLANG_WARN_DIRECT_OBJC_ISA_USAGE = YES_ERROR;
				CLANG_WARN_DOCUMENTATION_COMMENTS = YES;
				CLANG_WARN_EMPTY_BODY = YES;
				CLANG_WARN_ENUM_CONVERSION = YES;
				CLANG_WARN_INFINITE_RECURSION = YES;
				CLANG_WARN_INT_CONVERSION = YES;
				CLANG_WARN_NON_LITERAL_NULL_CONVERSION = YES;
				CLANG_WARN_OBJC_IMPLICIT_RETAIN_SELF = YES;
				CLANG_WARN_OBJC_LITERAL_CONVERSION = YES;
				CLANG_WARN_OBJC_ROOT_CLASS = YES_ERROR;
				CLANG_WARN_QUOTED_INCLUDE_IN_FRAMEWORK_HEADER = YES;
				CLANG_WARN_RANGE_LOOP_ANALYSIS = YES;
				CLANG_WARN_STRICT_PROTOTYPES = YES;
				CLANG_WARN_SUSPICIOUS_MOVE = YES;
				CLANG_WARN_UNGUARDED_AVAILABILITY = YES_AGGRESSIVE;
				CLANG_WARN_UNREACHABLE_CODE = YES;
				CLANG_WARN__DUPLICATE_METHOD_MATCH = YES;
				COPY_PHASE_STRIP = NO;
				DEBUG_INFORMATION_FORMAT = dwarf;
				ENABLE_STRICT_OBJC_MSGSEND = YES;
				ENABLE_TESTABILITY = YES;
				GCC_C_LANGUAGE_STANDARD = gnu11;
				GCC_DYNAMIC_NO_PIC = NO;
				GCC_NO_COMMON_BLOCKS = YES;
				GCC_OPTIMIZATION_LEVEL = 0;
				GCC_PREPROCESSOR_DEFINITIONS = (
					"DEBUG=1",
					"$(inherited)",
				);
				GCC_WARN_64_TO_32_BIT_CONVERSION = YES;
				GCC_WARN_ABOUT_RETURN_TYPE = YES_ERROR;
				GCC_WARN_UNDECLARED_SELECTOR = YES;
				GCC_WARN_UNINITIALIZED_AUTOS = YES_AGGRESSIVE;
				GCC_WARN_UNUSED_FUNCTION = YES;
				GCC_WARN_UNUSED_VARIABLE = YES;
				IPHONEOS_DEPLOYMENT_TARGET = 16.1;
				MTL_ENABLE_DEBUG_INFO = INCLUDE_SOURCE;
				MTL_FAST_MATH = YES;
				ONLY_ACTIVE_ARCH = YES;
				SDKROOT = iphoneos;
				SWIFT_ACTIVE_COMPILATION_CONDITIONS = DEBUG;
				SWIFT_OPTIMIZATION_LEVEL = "-Onone";
			};
			name = Debug;
		};
		EFDCB1B6292D4F5700563EF1 /* Release */ = {
			isa = XCBuildConfiguration;
			buildSettings = {
				ALWAYS_SEARCH_USER_PATHS = NO;
				CLANG_ANALYZER_NONNULL = YES;
				CLANG_ANALYZER_NUMBER_OBJECT_CONVERSION = YES_AGGRESSIVE;
				CLANG_CXX_LANGUAGE_STANDARD = "gnu++20";
				CLANG_ENABLE_MODULES = YES;
				CLANG_ENABLE_OBJC_ARC = YES;
				CLANG_ENABLE_OBJC_WEAK = YES;
				CLANG_WARN_BLOCK_CAPTURE_AUTORELEASING = YES;
				CLANG_WARN_BOOL_CONVERSION = YES;
				CLANG_WARN_COMMA = YES;
				CLANG_WARN_CONSTANT_CONVERSION = YES;
				CLANG_WARN_DEPRECATED_OBJC_IMPLEMENTATIONS = YES;
				CLANG_WARN_DIRECT_OBJC_ISA_USAGE = YES_ERROR;
				CLANG_WARN_DOCUMENTATION_COMMENTS = YES;
				CLANG_WARN_EMPTY_BODY = YES;
				CLANG_WARN_ENUM_CONVERSION = YES;
				CLANG_WARN_INFINITE_RECURSION = YES;
				CLANG_WARN_INT_CONVERSION = YES;
				CLANG_WARN_NON_LITERAL_NULL_CONVERSION = YES;
				CLANG_WARN_OBJC_IMPLICIT_RETAIN_SELF = YES;
				CLANG_WARN_OBJC_LITERAL_CONVERSION = YES;
				CLANG_WARN_OBJC_ROOT_CLASS = YES_ERROR;
				CLANG_WARN_QUOTED_INCLUDE_IN_FRAMEWORK_HEADER = YES;
				CLANG_WARN_RANGE_LOOP_ANALYSIS = YES;
				CLANG_WARN_STRICT_PROTOTYPES = YES;
				CLANG_WARN_SUSPICIOUS_MOVE = YES;
				CLANG_WARN_UNGUARDED_AVAILABILITY = YES_AGGRESSIVE;
				CLANG_WARN_UNREACHABLE_CODE = YES;
				CLANG_WARN__DUPLICATE_METHOD_MATCH = YES;
				COPY_PHASE_STRIP = NO;
				DEBUG_INFORMATION_FORMAT = "dwarf-with-dsym";
				ENABLE_NS_ASSERTIONS = NO;
				ENABLE_STRICT_OBJC_MSGSEND = YES;
				GCC_C_LANGUAGE_STANDARD = gnu11;
				GCC_NO_COMMON_BLOCKS = YES;
				GCC_WARN_64_TO_32_BIT_CONVERSION = YES;
				GCC_WARN_ABOUT_RETURN_TYPE = YES_ERROR;
				GCC_WARN_UNDECLARED_SELECTOR = YES;
				GCC_WARN_UNINITIALIZED_AUTOS = YES_AGGRESSIVE;
				GCC_WARN_UNUSED_FUNCTION = YES;
				GCC_WARN_UNUSED_VARIABLE = YES;
				IPHONEOS_DEPLOYMENT_TARGET = 16.1;
				MTL_ENABLE_DEBUG_INFO = NO;
				MTL_FAST_MATH = YES;
				SDKROOT = iphoneos;
				SWIFT_COMPILATION_MODE = wholemodule;
				SWIFT_OPTIMIZATION_LEVEL = "-O";
				VALIDATE_PRODUCT = YES;
			};
			name = Release;
		};
		EFDCB1B8292D4F5700563EF1 /* Debug */ = {
			isa = XCBuildConfiguration;
			baseConfigurationReference = 94DF1BC63151BDB236DB88B8 /* Pods-MapsApp.debug.xcconfig */;
			buildSettings = {
				ASSETCATALOG_COMPILER_APPICON_NAME = AppIcon;
				ASSETCATALOG_COMPILER_GLOBAL_ACCENT_COLOR_NAME = AccentColor;
				CODE_SIGN_STYLE = Automatic;
				CURRENT_PROJECT_VERSION = 1;
				DEVELOPMENT_TEAM = 278UYG3PHP;
				GENERATE_INFOPLIST_FILE = YES;
				INFOPLIST_FILE = MapsApp/Info.plist;
				INFOPLIST_KEY_UIApplicationSupportsIndirectInputEvents = YES;
				INFOPLIST_KEY_UILaunchStoryboardName = LaunchScreen;
				INFOPLIST_KEY_UISupportedInterfaceOrientations_iPad = "UIInterfaceOrientationPortrait UIInterfaceOrientationPortraitUpsideDown UIInterfaceOrientationLandscapeLeft UIInterfaceOrientationLandscapeRight";
				INFOPLIST_KEY_UISupportedInterfaceOrientations_iPhone = "UIInterfaceOrientationPortrait UIInterfaceOrientationLandscapeLeft UIInterfaceOrientationLandscapeRight";
				LD_RUNPATH_SEARCH_PATHS = (
					"$(inherited)",
					"@executable_path/Frameworks",
				);
				MARKETING_VERSION = 1.0;
				PRODUCT_BUNDLE_IDENTIFIER = tpolinas.MapsApp;
				PRODUCT_NAME = "$(TARGET_NAME)";
				SWIFT_EMIT_LOC_STRINGS = YES;
				SWIFT_VERSION = 5.0;
				TARGETED_DEVICE_FAMILY = "1,2";
			};
			name = Debug;
		};
		EFDCB1B9292D4F5700563EF1 /* Release */ = {
			isa = XCBuildConfiguration;
			baseConfigurationReference = DC6C491F4BCEF0FFB442FFE8 /* Pods-MapsApp.release.xcconfig */;
			buildSettings = {
				ASSETCATALOG_COMPILER_APPICON_NAME = AppIcon;
				ASSETCATALOG_COMPILER_GLOBAL_ACCENT_COLOR_NAME = AccentColor;
				CODE_SIGN_STYLE = Automatic;
				CURRENT_PROJECT_VERSION = 1;
				DEVELOPMENT_TEAM = 278UYG3PHP;
				GENERATE_INFOPLIST_FILE = YES;
				INFOPLIST_FILE = MapsApp/Info.plist;
				INFOPLIST_KEY_UIApplicationSupportsIndirectInputEvents = YES;
				INFOPLIST_KEY_UILaunchStoryboardName = LaunchScreen;
				INFOPLIST_KEY_UISupportedInterfaceOrientations_iPad = "UIInterfaceOrientationPortrait UIInterfaceOrientationPortraitUpsideDown UIInterfaceOrientationLandscapeLeft UIInterfaceOrientationLandscapeRight";
				INFOPLIST_KEY_UISupportedInterfaceOrientations_iPhone = "UIInterfaceOrientationPortrait UIInterfaceOrientationLandscapeLeft UIInterfaceOrientationLandscapeRight";
				LD_RUNPATH_SEARCH_PATHS = (
					"$(inherited)",
					"@executable_path/Frameworks",
				);
				MARKETING_VERSION = 1.0;
				PRODUCT_BUNDLE_IDENTIFIER = tpolinas.MapsApp;
				PRODUCT_NAME = "$(TARGET_NAME)";
				SWIFT_EMIT_LOC_STRINGS = YES;
				SWIFT_VERSION = 5.0;
				TARGETED_DEVICE_FAMILY = "1,2";
			};
			name = Release;
		};
/* End XCBuildConfiguration section */

/* Begin XCConfigurationList section */
		EFDCB19E292D4F5600563EF1 /* Build configuration list for PBXProject "MapsApp" */ = {
			isa = XCConfigurationList;
			buildConfigurations = (
				EFDCB1B5292D4F5700563EF1 /* Debug */,
				EFDCB1B6292D4F5700563EF1 /* Release */,
			);
			defaultConfigurationIsVisible = 0;
			defaultConfigurationName = Release;
		};
		EFDCB1B7292D4F5700563EF1 /* Build configuration list for PBXNativeTarget "MapsApp" */ = {
			isa = XCConfigurationList;
			buildConfigurations = (
				EFDCB1B8292D4F5700563EF1 /* Debug */,
				EFDCB1B9292D4F5700563EF1 /* Release */,
			);
			defaultConfigurationIsVisible = 0;
			defaultConfigurationName = Release;
		};
/* End XCConfigurationList section */

/* Begin XCRemoteSwiftPackageReference section */
		EFDCB1BF292D598500563EF1 /* XCRemoteSwiftPackageReference "realm-cocoa" */ = {
			isa = XCRemoteSwiftPackageReference;
			repositoryURL = "https://github.com/realm/realm-cocoa.git";
			requirement = {
				branch = master;
				kind = branch;
			};
		};
/* End XCRemoteSwiftPackageReference section */

/* Begin XCSwiftPackageProductDependency section */
		EFDCB1C0292D598500563EF1 /* Realm */ = {
			isa = XCSwiftPackageProductDependency;
			package = EFDCB1BF292D598500563EF1 /* XCRemoteSwiftPackageReference "realm-cocoa" */;
			productName = Realm;
		};
		EFDCB1C2292D598500563EF1 /* RealmSwift */ = {
			isa = XCSwiftPackageProductDependency;
			package = EFDCB1BF292D598500563EF1 /* XCRemoteSwiftPackageReference "realm-cocoa" */;
			productName = RealmSwift;
		};
/* End XCSwiftPackageProductDependency section */
	};
	rootObject = EFDCB19B292D4F5600563EF1 /* Project object */;
}
